
Microsoft Visual Studio Solution File, Format Version 12.00
# Visual Studio Version 17
VisualStudioVersion = 17.4.33205.214
MinimumVisualStudioVersion = 10.0.40219.1
Project("{FAE04EC0-301F-11D3-BF4B-00C04F79EFBC}") = "VRCFTtoVMCP", "VRCFTtoVMCP\VRCFTtoVMCP.csproj", "{D04F50A5-C70A-40E3-A1C7-A6E9778A759C}"
EndProject
Global
	GlobalSection(SolutionConfigurationPlatforms) = preSolution
		Debug|Any CPU = Debug|Any CPU
		Release|Any CPU = Release|Any CPU
	EndGlobalSection
	GlobalSection(ProjectConfigurationPlatforms) = postSolution
		{D04F50A5-C70A-40E3-A1C7-A6E9778A759C}.Debug|Any CPU.ActiveCfg = Debug|Any CPU
		{D04F50A5-C70A-40E3-A1C7-A6E9778A759C}.Debug|Any CPU.Build.0 = Debug|Any CPU
		{D04F50A5-C70A-40E3-A1C7-A6E9778A759C}.Release|Any CPU.ActiveCfg = Release|Any CPU
		{D04F50A5-C70A-40E3-A1C7-A6E9778A759C}.Release|Any CPU.Build.0 = Release|Any CPU
	EndGlobalSection
	GlobalSection(SolutionProperties) = preSolution
		HideSolutionNode = FALSE
	EndGlobalSection
	GlobalSection(ExtensibilityGlobals) = postSolution
		SolutionGuid = {BC1024DE-3AED-43A6-8219-554EF31D959A}
	EndGlobalSection
EndGlobal
